<?xml version="1.0" encoding="utf-8"?>
<Project ToolsVersion="4.0" xmlns="http://schemas.microsoft.com/developer/msbuild/2003">
  <ItemGroup>
    <Filter Include="Source Files">
      <UniqueIdentifier>{4FC737F1-C7A5-4376-A066-2A32D752A2FF}</UniqueIdentifier>
      <Extensions>cpp;cxx;c;def</Extensions>
    </Filter>
    <Filter Include="Header Files">
      <UniqueIdentifier>{93995380-89BD-4b04-88EB-625FBE52EBFB}</UniqueIdentifier>
      <Extensions>h</Extensions>
    </Filter>
    <Filter Include="Form Files">
      <UniqueIdentifier>{99349809-55BA-4b9d-BF79-8FDBB0286EB3}</UniqueIdentifier>
      <Extensions>ui</Extensions>
    </Filter>
    <Filter Include="Resource Files">
      <UniqueIdentifier>{D9D6E242-F8AF-46E4-B9FD-80ECBC20BA3E}</UniqueIdentifier>
      <Extensions>qrc;*</Extensions>
      <ParseFiles>false</ParseFiles>
    </Filter>
    <Filter Include="Generated Files">
      <UniqueIdentifier>{71ED8ED8-ACB9-4CE9-BBE1-E00B30144E11}</UniqueIdentifier>
      <Extensions>moc;h;cpp</Extensions>
      <SourceControlFiles>False</SourceControlFiles>
    </Filter>
    <Filter Include="Generated Files\Debug">
      <UniqueIdentifier>{9f590708-4dc9-4533-84c3-0c038c2e1baf}</UniqueIdentifier>
      <Extensions>cpp;moc</Extensions>
      <SourceControlFiles>False</SourceControlFiles>
    </Filter>
  </ItemGroup>
  <ItemGroup>
    <ClCompile Include="main.cpp">
      <Filter>Source Files</Filter>
    </ClCompile>
    <ClCompile Include="MainWidget.cpp">
      <Filter>Source Files</Filter>
    </ClCompile>
    
    <ClCompile Include="Library\frmmessagebox.cpp">
      <Filter>Source Files</Filter>
    </ClCompile>
    <ClCompile Include="Library\IconHelper.cpp">
      <Filter>Source Files</Filter>
    </ClCompile>
    <ClCompile Include="Library\ToolBarWidget.cpp">
      <Filter>Source Files</Filter>
    </ClCompile>
    <ClCompile Include="Library\MenuWidget.cpp">
      <Filter>Source Files</Filter>
    </ClCompile>
    <ClCompile Include="MainWidgetDisplay.cpp">
      <Filter>Source Files</Filter>
    </ClCompile>
    <ClCompile Include="Ui\ControlManager\ControlMenuWidget.cpp">
      <Filter>Source Files</Filter>
    </ClCompile>
    <ClCompile Include="Ui\ControlManager\ControlScanWidget.cpp">
      <Filter>Source Files</Filter>
    </ClCompile>
    <ClCompile Include="Ui\ControlManager\MoveWidget.cpp">
      <Filter>Source Files</Filter>
    </ClCompile>
    <ClCompile Include="Ui\ControlManager\MyCustomSlider.cpp">
      <Filter>Source Files</Filter>
    </ClCompile>
    <ClCompile Include="Ui\ControlManager\StateWidget.cpp">
      <Filter>Source Files</Filter>
    </ClCompile>
    <ClCompile Include="RightWidget.cpp">
      <Filter>Source Files</Filter>
    </ClCompile>
    <ClCompile Include="Ui\ControlManager\ControlWidget.cpp">
      <Filter>Source Files</Filter>
    </ClCompile>
    <ClCompile Include="Ui\ImageTool\ItemWidget.cpp">
      <Filter>Source Files</Filter>
    </ClCompile>
    <ClCompile Include="Ui\ImageTool\ProcessWidget.cpp">
      <Filter>Source Files</Filter>
    </ClCompile>
    <ClCompile Include="Ui\ImageTool\CircleWidget.cpp">
      <Filter>Source Files</Filter>
    </ClCompile>
    <ClCompile Include="Ui\ImageTool\Line.cpp">
      <Filter>Source Files</Filter>
    </ClCompile>
    <ClCompile Include="Ui\ImageTool\LinePointWidget.cpp">
      <Filter>Source Files</Filter>
    </ClCompile>
    <ClCompile Include="Ui\ImageTool\RectPointWidget.cpp">
      <Filter>Source Files</Filter>
    </ClCompile>
    <ClCompile Include="Ui\ImageTool\RectWidget.cpp">
      <Filter>Source Files</Filter>
    </ClCompile>
    <ClCompile Include="Ui\TubeManager\TubeWidget.cpp">
      <Filter>Source Files</Filter>
    </ClCompile>
    <ClCompile Include="Ui\MotorManager\MotorWidget.cpp">
      <Filter>Source Files</Filter>
    </ClCompile>
    <ClCompile Include="Ui\DetectorKZManager\DetectorKZWidget.cpp">
      <Filter>Source Files</Filter>
    </ClCompile>
    <ClCompile Include="Ui\DetectorKZManager\DarkAdjustBar.cpp">
      <Filter>Source Files</Filter>
    </ClCompile>
    <ClCompile Include="Ui\DetectorKZManager\GainAdjustBar.cpp">
      <Filter>Source Files</Filter>
    </ClCompile>
    <ClCompile Include="Ui\ViewManager\newImageView.cpp">
      <Filter>Source Files</Filter>
    </ClCompile>
    
    
    <ClCompile Include="GrayCurveChart.cpp">
      <Filter>Source Files</Filter>
    </ClCompile>
    <ClCompile Include="Ui\CurveManager\ChartView.cpp">
      <Filter>Source Files</Filter>
    </ClCompile>
    <ClCompile Include="Ui\CurveManager\ChartWidget.cpp">
      <Filter>Source Files</Filter>
    </ClCompile>
    <ClCompile Include="Ui\AdjustManager\AdjustChart.cpp">
      <Filter>Source Files</Filter>
    </ClCompile>
    <ClCompile Include="Ui\AdjustManager\AdjustWidget.cpp">
      <Filter>Source Files</Filter>
    </ClCompile>
    <ClCompile Include="Ui\AdjustManager\LWidget.cpp">
      <Filter>Source Files</Filter>
    </ClCompile>
    <ClCompile Include="Ui\AdjustManager\MWidget.cpp">
      <Filter>Source Files</Filter>
    </ClCompile>
    <ClCompile Include="Ui\AdjustManager\RWidget.cpp">
      <Filter>Source Files</Filter>
    </ClCompile>
    <ClCompile Include="Ui\AdjustManager\sadf.cpp">
      <Filter>Source Files</Filter>
    </ClCompile>
    <ClCompile Include="Ui\dealimage\dealimage.cpp">
      <Filter>Source Files</Filter>
    </ClCompile>
    <ClCompile Include="calibration\mythread.cpp">
      <Filter>Source Files</Filter>
    </ClCompile>
    <ClCompile Include="calibration\calibration.cpp">
      <Filter>Source Files</Filter>
    </ClCompile>
    <ClCompile Include="Ui\ParaManager\ParaMemter.cpp">
      <Filter>Source Files</Filter>
    </ClCompile>
    <ClCompile Include="Ui\ViewManager\showimage.cpp">
      <Filter>Source Files</Filter>
    </ClCompile>
    <ClCompile Include="UIframe\appinit.cpp">
      <Filter>Source Files</Filter>
    </ClCompile>
    
    
    <ClCompile Include="UIframe\quiwidget.cpp">
      <Filter>Source Files</Filter>
    </ClCompile>
    <ClCompile Include="Ui\FileManager\FileManagement.cpp">
      <Filter>Source Files</Filter>
    </ClCompile>
    <ClCompile Include="Ui\CommonToolsManager\CommonTools.cpp">
      <Filter>Source Files</Filter>
    </ClCompile>
    <ClCompile Include="Ui\CommonDeviceManager\CommonDevice.cpp">
      <Filter>Source Files</Filter>
    </ClCompile>
    <ClCompile Include="Ui\ImageCorrect\ImageCorrect.cpp">
      <Filter>Source Files</Filter>
    </ClCompile>
    <ClCompile Include="Ui\MeasureManager\MeasureWidget.cpp">
      <Filter>Source Files</Filter>
    </ClCompile>
    <ClCompile Include="Ui\MeasureManager\ImgPixChart.cpp">
      <Filter>Source Files</Filter>
    </ClCompile>
    <ClCompile Include="Ui\MeasureManager\LAClass.cpp">
      <Filter>Source Files</Filter>
    </ClCompile>
    <ClCompile Include="Ui\MeasureManager\LAPointWidget.cpp">
      <Filter>Source Files</Filter>
    </ClCompile>
    <ClCompile Include="Ui\MeasureManager\PerpenWireClass.cpp">
      <Filter>Source Files</Filter>
    </ClCompile>
    <ClCompile Include="Ui\MeasureManager\PixChartWidget.cpp">
      <Filter>Source Files</Filter>
    </ClCompile>
    <ClCompile Include="Ui\MeasureManager\PixClass.cpp">
      <Filter>Source Files</Filter>
    </ClCompile>
    <ClCompile Include="Ui\MeasureManager\PPClass.cpp">
      <Filter>Source Files</Filter>
    </ClCompile>
    <ClCompile Include="Ui\MeasureManager\MeasurePointWidget.cpp">
      <Filter>Source Files</Filter>
    </ClCompile>
    <ClCompile Include="Ui\CurveManager\PointWidget.cpp">
      <Filter>Source Files</Filter>
    </ClCompile>
    <ClCompile Include="Library\Global.cpp">
      <Filter>Source Files</Filter>
    </ClCompile>
    <ClCompile Include="Ui\ScanPixManager\DisplayWidget.cpp">
      <Filter>Source Files</Filter>
    </ClCompile>
    <ClCompile Include="Ui\ScanPixManager\ScanPixWidget.cpp">
      <Filter>Source Files</Filter>
    </ClCompile>
    
    
    
    
    
    
    
    
    
    
    
    
    
    
    
    
    
    
    
    
    
    
    
    
    
    
    
    
    
    
    
    
    
    
    
    
    
    
    
    
    
    
    
    
    
    
    
    
    
    
    
    
    
    
    
  </ItemGroup>
  <ItemGroup>
    <QtMoc Include="MainWidget.h">
      <Filter>Header Files</Filter>
    </QtMoc>
    <QtUic Include="MainWidget.ui">
      <Filter>Form Files</Filter>
    </QtUic>
    <QtRcc Include="MainWidget.qrc">
      <Filter>Resource Files</Filter>
    </QtRcc>
    <QtMoc Include="Library\frmmessagebox.h">
      <Filter>Header Files</Filter>
    </QtMoc>
    <QtUic Include="Library\frmmessagebox.ui">
      <Filter>Form Files</Filter>
    </QtUic>
    <QtUic Include="Library\ToolBarWidget.ui">
      <Filter>Form Files</Filter>
    </QtUic>
    <QtMoc Include="Library\ToolBarWidget.h">
      <Filter>Header Files</Filter>
    </QtMoc>
    <QtUic Include="Library\MenuWidget.ui">
      <Filter>Form Files</Filter>
    </QtUic>
    <QtMoc Include="Library\MenuWidget.h">
      <Filter>Header Files</Filter>
    </QtMoc>
    <QtMoc Include="MainWidgetDisplay.h">
      <Filter>Header Files</Filter>
    </QtMoc>
    <QtUic Include="MainWidgetDisplay.ui">
      <Filter>Form Files</Filter>
    </QtUic>
    <QtMoc Include="Ui\ControlManager\ControlMenuWidget.h">
      <Filter>Header Files</Filter>
    </QtMoc>
    <QtUic Include="Ui\ControlManager\ControlMenuWidget.ui">
      <Filter>Form Files</Filter>
    </QtUic>
    <QtMoc Include="Ui\ControlManager\ControlScanWidget.h">
      <Filter>Header Files</Filter>
    </QtMoc>
    <QtUic Include="Ui\ControlManager\ControlScanWidget.ui">
      <Filter>Form Files</Filter>
    </QtUic>
    <QtMoc Include="Ui\ControlManager\MoveWidget.h">
      <Filter>Header Files</Filter>
    </QtMoc>
    <QtUic Include="Ui\ControlManager\MoveWidget.ui">
      <Filter>Form Files</Filter>
    </QtUic>
    <QtMoc Include="Ui\ControlManager\MyCustomSlider.h">
      <Filter>Header Files</Filter>
    </QtMoc>
    <QtUic Include="Ui\ControlManager\MyCustomSlider.ui">
      <Filter>Form Files</Filter>
    </QtUic>
    <QtMoc Include="Ui\ControlManager\StateWidget.h">
      <Filter>Header Files</Filter>
    </QtMoc>
    <QtUic Include="Ui\ControlManager\StateWidget.ui">
      <Filter>Form Files</Filter>
    </QtUic>
    <QtMoc Include="RightWidget.h">
      <Filter>Header Files</Filter>
    </QtMoc>
    <QtUic Include="RightWidget.ui">
      <Filter>Form Files</Filter>
    </QtUic>
    <QtMoc Include="Ui\ControlManager\ControlWidget.h">
      <Filter>Header Files</Filter>
    </QtMoc>
    <QtUic Include="Ui\ControlManager\ControlWidget.ui">
      <Filter>Form Files</Filter>
    </QtUic>
    <QtMoc Include="Ui\ImageTool\ItemWidget.h">
      <Filter>Header Files</Filter>
    </QtMoc>
    <QtUic Include="Ui\ImageTool\ItemWidget.ui">
      <Filter>Form Files</Filter>
    </QtUic>
    <QtMoc Include="Ui\ImageTool\ProcessWidget.h">
      <Filter>Header Files</Filter>
    </QtMoc>
    <QtUic Include="Ui\ImageTool\ProcessWidget.ui">
      <Filter>Form Files</Filter>
    </QtUic>
    <QtMoc Include="Ui\ImageTool\CircleWidget.h">
      <Filter>Header Files</Filter>
    </QtMoc>
    <QtUic Include="Ui\ImageTool\CircleWidget.ui">
      <Filter>Form Files</Filter>
    </QtUic>
    <QtMoc Include="Ui\ImageTool\Line.h">
      <Filter>Header Files</Filter>
    </QtMoc>
    <QtMoc Include="Ui\ImageTool\LinePointWidget.h">
      <Filter>Header Files</Filter>
    </QtMoc>
    <QtUic Include="Ui\ImageTool\LinePointWidget.ui">
      <Filter>Form Files</Filter>
    </QtUic>
    <QtMoc Include="Ui\ImageTool\RectPointWidget.h">
      <Filter>Header Files</Filter>
    </QtMoc>
    <QtUic Include="Ui\ImageTool\RectPointWidget.ui">
      <Filter>Form Files</Filter>
    </QtUic>
    <QtMoc Include="Ui\ImageTool\RectWidget.h">
      <Filter>Header Files</Filter>
    </QtMoc>
    <QtUic Include="Ui\ImageTool\RectWidget.ui">
      <Filter>Form Files</Filter>
    </QtUic>
    <CustomBuild Include="Library\IconHelper.h">
      <Filter>Header Files</Filter>
    </CustomBuild>
    <CustomBuild Include="Library\MyHelper.h">
      <Filter>Header Files</Filter>
    </CustomBuild>
    <CustomBuild Include="GeneratedFiles\ui_CircleWidget.h">
      <Filter>Generated Files</Filter>
    </CustomBuild>
    <CustomBuild Include="GeneratedFiles\ui_ControlMenuWidget.h">
      <Filter>Generated Files</Filter>
    </CustomBuild>
    <CustomBuild Include="GeneratedFiles\ui_ControlScanWidget.h">
      <Filter>Generated Files</Filter>
    </CustomBuild>
    <CustomBuild Include="GeneratedFiles\ui_ControlWidget.h">
      <Filter>Generated Files</Filter>
    </CustomBuild>
    <CustomBuild Include="GeneratedFiles\ui_frmmessagebox.h">
      <Filter>Generated Files</Filter>
    </CustomBuild>
    <CustomBuild Include="GeneratedFiles\ui_ItemWidget.h">
      <Filter>Generated Files</Filter>
    </CustomBuild>
    <CustomBuild Include="GeneratedFiles\ui_LinePointWidget.h">
      <Filter>Generated Files</Filter>
    </CustomBuild>
    <CustomBuild Include="GeneratedFiles\ui_MainWidget.h">
      <Filter>Generated Files</Filter>
    </CustomBuild>
    <CustomBuild Include="GeneratedFiles\ui_MainWidgetDisplay.h">
      <Filter>Generated Files</Filter>
    </CustomBuild>
    <CustomBuild Include="GeneratedFiles\ui_MenuWidget.h">
      <Filter>Generated Files</Filter>
    </CustomBuild>
    <CustomBuild Include="GeneratedFiles\ui_MoveWidget.h">
      <Filter>Generated Files</Filter>
    </CustomBuild>
    <CustomBuild Include="GeneratedFiles\ui_MyCustomSlider.h">
      <Filter>Generated Files</Filter>
    </CustomBuild>
    <CustomBuild Include="GeneratedFiles\ui_ProcessWidget.h">
      <Filter>Generated Files</Filter>
    </CustomBuild>
    <CustomBuild Include="GeneratedFiles\ui_RectPointWidget.h">
      <Filter>Generated Files</Filter>
    </CustomBuild>
    <CustomBuild Include="GeneratedFiles\ui_RectWidget.h">
      <Filter>Generated Files</Filter>
    </CustomBuild>
    <CustomBuild Include="GeneratedFiles\ui_RightWidget.h">
      <Filter>Generated Files</Filter>
    </CustomBuild>
    <CustomBuild Include="GeneratedFiles\ui_StateWidget.h">
      <Filter>Generated Files</Filter>
    </CustomBuild>
    <CustomBuild Include="GeneratedFiles\ui_ToolBarWidget.h">
      <Filter>Generated Files</Filter>
    </CustomBuild>
    <QtMoc Include="Ui\TubeManager\TubeWidget.h">
      <Filter>Header Files</Filter>
    </QtMoc>
    <QtUic Include="Ui\TubeManager\TubeWidget.ui">
      <Filter>Form Files</Filter>
    </QtUic>
    <QtMoc Include="Ui\MotorManager\MotorWidget.h">
      <Filter>Header Files</Filter>
    </QtMoc>
    <QtUic Include="Ui\MotorManager\MotorWidget.ui">
      <Filter>Form Files</Filter>
    </QtUic>
    <QtMoc Include="Ui\DetectorKZManager\DetectorKZWidget.h">
      <Filter>Header Files</Filter>
    </QtMoc>
    <QtUic Include="Ui\DetectorKZManager\DetectorKZWidget.ui">
      <Filter>Form Files</Filter>
    </QtUic>
    <QtMoc Include="Ui\DetectorKZManager\DarkAdjustBar.h">
      <Filter>Header Files</Filter>
    </QtMoc>
    <QtUic Include="Ui\DetectorKZManager\DarkAdjustBar.ui">
      <Filter>Form Files</Filter>
    </QtUic>
    <QtMoc Include="Ui\DetectorKZManager\GainAdjustBar.h">
      <Filter>Header Files</Filter>
    </QtMoc>
    <QtUic Include="Ui\DetectorKZManager\GainAdjustBar.ui">
      <Filter>Form Files</Filter>
    </QtUic>
    <QtMoc Include="Ui\ViewManager\newImageView.h">
      <Filter>Header Files</Filter>
    </QtMoc>
    <QtUic Include="Ui\ViewManager\newImageView.ui">
      <Filter>Form Files</Filter>
    </QtUic>
    <QtMoc Include="GrayCurveChart.h">
      <Filter>Header Files</Filter>
    </QtMoc>
    <QtUic Include="GrayCurveChart.ui">
      <Filter>Form Files</Filter>
    </QtUic>
    <QtMoc Include="Ui\CurveManager\ChartView.h">
      <Filter>Header Files</Filter>
    </QtMoc>
    <QtUic Include="Ui\CurveManager\ChartWidget.ui">
      <Filter>Form Files</Filter>
    </QtUic>
    <QtMoc Include="Ui\CurveManager\ChartWidget.h">
      <Filter>Header Files</Filter>
    </QtMoc>
    <QtMoc Include="Ui\AdjustManager\AdjustChart.h">
      <Filter>Header Files</Filter>
    </QtMoc>
    <QtMoc Include="Ui\AdjustManager\AdjustWidget.h">
      <Filter>Header Files</Filter>
    </QtMoc>
    <QtUic Include="Ui\AdjustManager\AdjustWidget.ui">
      <Filter>Form Files</Filter>
    </QtUic>
    <QtUic Include="Ui\AdjustManager\LWidget.ui">
      <Filter>Form Files</Filter>
    </QtUic>
    <QtMoc Include="Ui\AdjustManager\LWidget.h">
      <Filter>Header Files</Filter>
    </QtMoc>
    <QtMoc Include="Ui\AdjustManager\MWidget.h">
      <Filter>Header Files</Filter>
    </QtMoc>
    <QtUic Include="Ui\AdjustManager\MWidget.ui">
      <Filter>Form Files</Filter>
    </QtUic>
    <QtMoc Include="Ui\AdjustManager\RWidget.h">
      <Filter>Header Files</Filter>
    </QtMoc>
    <QtUic Include="Ui\AdjustManager\RWidget.ui">
      <Filter>Form Files</Filter>
    </QtUic>
    <QtUic Include="Ui\AdjustManager\sadf.ui">
      <Filter>Form Files</Filter>
    </QtUic>
    <QtMoc Include="Ui\AdjustManager\sadf.h">
      <Filter>Header Files</Filter>
    </QtMoc>
    <QtMoc Include="Ui\dealimage\dealimage.h">
      <Filter>Header Files</Filter>
    </QtMoc>
    <QtUic Include="Ui\dealimage\dealimage.ui">
      <Filter>Form Files</Filter>
    </QtUic>
    <CustomBuild Include="calibration\mythread.h">
      <Filter>Header Files</Filter>
    </CustomBuild>
    <QtMoc Include="Ui\ParaManager\ParaMemter.h">
      <Filter>Header Files</Filter>
    </QtMoc>
    <QtUic Include="Ui\ParaManager\ParaMemter.ui">
      <Filter>Form Files</Filter>
    </QtUic>
    <QtMoc Include="Ui\ViewManager\showimage.h">
      <Filter>Header Files</Filter>
    </QtMoc>
    <QtMoc Include="UIframe\appinit.h">
      <Filter>Header Files</Filter>
    </QtMoc>
    <QtRcc Include="UIframe\main.qrc">
      <Filter>Resource Files</Filter>
    </QtRcc>
    <QtRcc Include="UIframe\qss.qrc">
      <Filter>Resource Files</Filter>
    </QtRcc>
    <QtMoc Include="UIframe\quiwidget.h">
      <Filter>Header Files</Filter>
    </QtMoc>
    <QtMoc Include="Ui\FileManager\FileManagement.h">
      <Filter>Header Files</Filter>
    </QtMoc>
    <QtUic Include="Ui\FileManager\FileManagement.ui">
      <Filter>Form Files</Filter>
    </QtUic>
    <QtMoc Include="Ui\CommonToolsManager\CommonTools.h">
      <Filter>Header Files</Filter>
    </QtMoc>
    <QtUic Include="Ui\CommonToolsManager\CommonTools.ui">
      <Filter>Form Files</Filter>
    </QtUic>
    <QtMoc Include="Ui\CommonDeviceManager\CommonDevice.h">
      <Filter>Header Files</Filter>
    </QtMoc>
    <QtUic Include="Ui\CommonDeviceManager\CommonDevice.ui">
      <Filter>Form Files</Filter>
    </QtUic>
    <QtMoc Include="Ui\ImageCorrect\ImageCorrect.h">
      <Filter>Header Files</Filter>
    </QtMoc>
    <QtUic Include="Ui\ImageCorrect\ImageCorrect.ui">
      <Filter>Form Files</Filter>
    </QtUic>
    <QtMoc Include="Ui\MeasureManager\MeasureWidget.h">
      <Filter>Header Files</Filter>
    </QtMoc>
    <QtUic Include="Ui\MeasureManager\MeasureWidget.ui">
      <Filter>Form Files</Filter>
    </QtUic>
    <QtMoc Include="Ui\MeasureManager\ImgPixChart.h">
      <Filter>Header Files</Filter>
    </QtMoc>
    <QtMoc Include="Ui\MeasureManager\LAClass.h">
      <Filter>Header Files</Filter>
    </QtMoc>
    <QtMoc Include="Ui\MeasureManager\LAPointWidget.h">
      <Filter>Header Files</Filter>
    </QtMoc>
    <QtUic Include="Ui\MeasureManager\LAPointWidget.ui">
      <Filter>Form Files</Filter>
    </QtUic>
    <QtMoc Include="Ui\MeasureManager\PerpenWireClass.h">
      <Filter>Header Files</Filter>
    </QtMoc>
    <QtMoc Include="Ui\MeasureManager\PixChartWidget.h">
      <Filter>Header Files</Filter>
    </QtMoc>
    <QtUic Include="Ui\MeasureManager\PixChartWidget.ui">
      <Filter>Form Files</Filter>
    </QtUic>
    <QtMoc Include="Ui\MeasureManager\PixClass.h">
      <Filter>Header Files</Filter>
    </QtMoc>
    <QtMoc Include="Ui\MeasureManager\PPClass.h">
      <Filter>Header Files</Filter>
    </QtMoc>
    <QtMoc Include="Ui\MeasureManager\MeasurePointWidget.h">
      <Filter>Header Files</Filter>
    </QtMoc>
    <QtUic Include="Ui\MeasureManager\MeasurePointWidget.ui">
      <Filter>Form Files</Filter>
    </QtUic>
    <QtMoc Include="Ui\CurveManager\PointWidget.h">
      <Filter>Header Files</Filter>
    </QtMoc>
    <QtUic Include="Ui\CurveManager\PointWidget.ui">
      <Filter>Form Files</Filter>
    </QtUic>
    <QtMoc Include="Library\Global.h">
      <Filter>Header Files</Filter>
    </QtMoc>
    <QtMoc Include="Ui\ScanPixManager\DisplayWidget.h">
      <Filter>Header Files</Filter>
    </QtMoc>
    <QtUic Include="Ui\ScanPixManager\DisplayWidget.ui">
      <Filter>Form Files</Filter>
    </QtUic>
    <QtMoc Include="Ui\ScanPixManager\ScanPixWidget.h">
      <Filter>Header Files</Filter>
    </QtMoc>
    <QtUic Include="Ui\ScanPixManager\ScanPixWidget.ui">
      <Filter>Form Files</Filter>
    </QtUic>
  </ItemGroup>
  <ItemGroup>
    <ClInclude Include="GeneratedFiles\ui_TubeWidget.h">
      <Filter>Generated Files</Filter>
    </ClInclude>
    <ClInclude Include="GeneratedFiles\ui_MotorWidget.h">
      <Filter>Generated Files</Filter>
    </ClInclude>
    <ClInclude Include="GeneratedFiles\ui_DetectorKZWidget.h">
      <Filter>Generated Files</Filter>
    </ClInclude>
    <ClInclude Include="GeneratedFiles\ui_DarkAdjustBar.h">
      <Filter>Generated Files</Filter>
    </ClInclude>
    <ClInclude Include="GeneratedFiles\ui_GainAdjustBar.h">
      <Filter>Generated Files</Filter>
    </ClInclude>
    <ClInclude Include="GeneratedFiles\ui_newImageView.h">
      <Filter>Generated Files</Filter>
    </ClInclude>
    <ClInclude Include="GeneratedFiles\ui_GrayCurveChart.h">
      <Filter>Header Files</Filter>
    </ClInclude>
    <ClInclude Include="GeneratedFiles\ui_ChartWidget.h">
      <Filter>Generated Files</Filter>
    </ClInclude>
    <ClInclude Include="GeneratedFiles\ui_AdjustWidget.h">
      <Filter>Generated Files</Filter>
    </ClInclude>
    <ClInclude Include="GeneratedFiles\ui_LWidget.h">
      <Filter>Generated Files</Filter>
    </ClInclude>
    <ClInclude Include="GeneratedFiles\ui_MWidget.h">
      <Filter>Generated Files</Filter>
    </ClInclude>
    <ClInclude Include="GeneratedFiles\ui_RWidget.h">
      <Filter>Generated Files</Filter>
    </ClInclude>
    <ClInclude Include="GeneratedFiles\ui_sadf.h">
      <Filter>Generated Files</Filter>
    </ClInclude>
    <ClInclude Include="GeneratedFiles\ui_dealimage.h">
      <Filter>Generated Files</Filter>
    </ClInclude>
    <ClInclude Include="calibration\calibration.h">
      <Filter>Header Files</Filter>
    </ClInclude>
    <ClInclude Include="GeneratedFiles\ui_ParaMemter.h">
      <Filter>Generated Files</Filter>
    </ClInclude>
    <ClInclude Include="UIframe\head.h">
      <Filter>Header Files</Filter>
    </ClInclude>
    <ClInclude Include="GeneratedFiles\ui_FileManagement.h">
      <Filter>Generated Files</Filter>
    </ClInclude>
    <ClInclude Include="GeneratedFiles\ui_CommonTools.h">
      <Filter>Generated Files</Filter>
    </ClInclude>
    <ClInclude Include="GeneratedFiles\ui_CommonDevice.h">
      <Filter>Generated Files</Filter>
    </ClInclude>
    <ClInclude Include="GeneratedFiles\ui_ImageCorrect.h">
      <Filter>Generated Files</Filter>
    </ClInclude>
    <ClInclude Include="GeneratedFiles\ui_MeasureWidget.h">
      <Filter>Generated Files</Filter>
    </ClInclude>
    <ClInclude Include="GeneratedFiles\ui_LAPointWidget.h">
      <Filter>Generated Files</Filter>
    </ClInclude>
    <ClInclude Include="GeneratedFiles\ui_PixChartWidget.h">
      <Filter>Generated Files</Filter>
    </ClInclude>
    <ClInclude Include="GeneratedFiles\ui_MeasurePointWidget.h">
      <Filter>Generated Files</Filter>
    </ClInclude>
    <ClInclude Include="GeneratedFiles\ui_PointWidget.h">
      <Filter>Generated Files</Filter>
    </ClInclude>
    <ClInclude Include="GeneratedFiles\ui_DisplayWidget.h">
      <Filter>Generated Files</Filter>
    </ClInclude>
    <ClInclude Include="GeneratedFiles\ui_ScanPixWidget.h">
      <Filter>Generated Files</Filter>
    </ClInclude>
  </ItemGroup>
  <ItemGroup>
    <Image Include="UIframe\main.ico" />
    <Image Include="UIframe\image\btn_close.png">
      <Filter>Resource Files</Filter>
    </Image>
    <Image Include="UIframe\image\btn_ok.png">
      <Filter>Resource Files</Filter>
    </Image>
    <Image Include="UIframe\image\msg_error.png">
      <Filter>Resource Files</Filter>
    </Image>
    <Image Include="UIframe\image\msg_info.png">
      <Filter>Resource Files</Filter>
    </Image>
    <Image Include="UIframe\image\msg_question.png">
      <Filter>Resource Files</Filter>
    </Image>
    <Image Include="UIframe\qss\black\add_bottom.png">
      <Filter>Resource Files</Filter>
    </Image>
    <Image Include="UIframe\qss\black\add_left.png">
      <Filter>Resource Files</Filter>
    </Image>
    <Image Include="UIframe\qss\black\add_right.png">
      <Filter>Resource Files</Filter>
    </Image>
    <Image Include="UIframe\qss\black\add_top.png">
      <Filter>Resource Files</Filter>
    </Image>
    <Image Include="UIframe\qss\black\branch_close.png">
      <Filter>Resource Files</Filter>
    </Image>
    <Image Include="UIframe\qss\black\branch_open.png">
      <Filter>Resource Files</Filter>
    </Image>
    <Image Include="UIframe\qss\black\calendar_nextmonth.png">
      <Filter>Resource Files</Filter>
    </Image>
    <Image Include="UIframe\qss\black\calendar_prevmonth.png">
      <Filter>Resource Files</Filter>
    </Image>
    <Image Include="UIframe\qss\black\checkbox_checked.png">
      <Filter>Resource Files</Filter>
    </Image>
    <Image Include="UIframe\qss\black\checkbox_checked_disable.png">
      <Filter>Resource Files</Filter>
    </Image>
    <Image Include="UIframe\qss\black\checkbox_parcial.png">
      <Filter>Resource Files</Filter>
    </Image>
    <Image Include="UIframe\qss\black\checkbox_parcial_disable.png">
      <Filter>Resource Files</Filter>
    </Image>
    <Image Include="UIframe\qss\black\checkbox_unchecked.png">
      <Filter>Resource Files</Filter>
    </Image>
    <Image Include="UIframe\qss\black\checkbox_unchecked_disable.png">
      <Filter>Resource Files</Filter>
    </Image>
    <Image Include="UIframe\qss\black\radiobutton_checked.png">
      <Filter>Resource Files</Filter>
    </Image>
    <Image Include="UIframe\qss\black\radiobutton_checked_disable.png">
      <Filter>Resource Files</Filter>
    </Image>
    <Image Include="UIframe\qss\black\radiobutton_unchecked.png">
      <Filter>Resource Files</Filter>
    </Image>
    <Image Include="UIframe\qss\black\radiobutton_unchecked_disable.png">
      <Filter>Resource Files</Filter>
    </Image>
    <Image Include="UIframe\qss\blue\add_bottom.png">
      <Filter>Resource Files</Filter>
    </Image>
    <Image Include="UIframe\qss\blue\add_left.png">
      <Filter>Resource Files</Filter>
    </Image>
    <Image Include="UIframe\qss\blue\add_right.png">
      <Filter>Resource Files</Filter>
    </Image>
    <Image Include="UIframe\qss\blue\add_top.png">
      <Filter>Resource Files</Filter>
    </Image>
    <Image Include="UIframe\qss\blue\branch_close.png">
      <Filter>Resource Files</Filter>
    </Image>
    <Image Include="UIframe\qss\blue\branch_open.png">
      <Filter>Resource Files</Filter>
    </Image>
    <Image Include="UIframe\qss\blue\calendar_nextmonth.png">
      <Filter>Resource Files</Filter>
    </Image>
    <Image Include="UIframe\qss\blue\calendar_prevmonth.png">
      <Filter>Resource Files</Filter>
    </Image>
    <Image Include="UIframe\qss\blue\checkbox_checked.png">
      <Filter>Resource Files</Filter>
    </Image>
    <Image Include="UIframe\qss\blue\checkbox_checked_disable.png">
      <Filter>Resource Files</Filter>
    </Image>
    <Image Include="UIframe\qss\blue\checkbox_parcial.png">
      <Filter>Resource Files</Filter>
    </Image>
    <Image Include="UIframe\qss\blue\checkbox_parcial_disable.png">
      <Filter>Resource Files</Filter>
    </Image>
    <Image Include="UIframe\qss\blue\checkbox_unchecked.png">
      <Filter>Resource Files</Filter>
    </Image>
    <Image Include="UIframe\qss\blue\checkbox_unchecked_disable.png">
      <Filter>Resource Files</Filter>
    </Image>
    <Image Include="UIframe\qss\blue\radiobutton_checked.png">
      <Filter>Resource Files</Filter>
    </Image>
    <Image Include="UIframe\qss\blue\radiobutton_checked_disable.png">
      <Filter>Resource Files</Filter>
    </Image>
    <Image Include="UIframe\qss\blue\radiobutton_unchecked.png">
      <Filter>Resource Files</Filter>
    </Image>
    <Image Include="UIframe\qss\blue\radiobutton_unchecked_disable.png">
      <Filter>Resource Files</Filter>
    </Image>
    <Image Include="UIframe\qss\darkblack\add_bottom.png">
      <Filter>Resource Files</Filter>
    </Image>
    <Image Include="UIframe\qss\darkblack\add_left.png">
      <Filter>Resource Files</Filter>
    </Image>
    <Image Include="UIframe\qss\darkblack\add_right.png">
      <Filter>Resource Files</Filter>
    </Image>
    <Image Include="UIframe\qss\darkblack\add_top.png">
      <Filter>Resource Files</Filter>
    </Image>
    <Image Include="UIframe\qss\darkblack\branch_close.png">
      <Filter>Resource Files</Filter>
    </Image>
    <Image Include="UIframe\qss\darkblack\branch_open.png">
      <Filter>Resource Files</Filter>
    </Image>
    <Image Include="UIframe\qss\darkblack\calendar_nextmonth.png">
      <Filter>Resource Files</Filter>
    </Image>
    <Image Include="UIframe\qss\darkblack\calendar_prevmonth.png">
      <Filter>Resource Files</Filter>
    </Image>
    <Image Include="UIframe\qss\darkblack\checkbox_checked.png">
      <Filter>Resource Files</Filter>
    </Image>
    <Image Include="UIframe\qss\darkblack\checkbox_checked_disable.png">
      <Filter>Resource Files</Filter>
    </Image>
    <Image Include="UIframe\qss\darkblack\checkbox_parcial.png">
      <Filter>Resource Files</Filter>
    </Image>
    <Image Include="UIframe\qss\darkblack\checkbox_parcial_disable.png">
      <Filter>Resource Files</Filter>
    </Image>
    <Image Include="UIframe\qss\darkblack\checkbox_unchecked.png">
      <Filter>Resource Files</Filter>
    </Image>
    <Image Include="UIframe\qss\darkblack\checkbox_unchecked_disable.png">
      <Filter>Resource Files</Filter>
    </Image>
    <Image Include="UIframe\qss\darkblack\radiobutton_checked.png">
      <Filter>Resource Files</Filter>
    </Image>
    <Image Include="UIframe\qss\darkblack\radiobutton_checked_disable.png">
      <Filter>Resource Files</Filter>
    </Image>
    <Image Include="UIframe\qss\darkblack\radiobutton_unchecked.png">
      <Filter>Resource Files</Filter>
    </Image>
    <Image Include="UIframe\qss\darkblack\radiobutton_unchecked_disable.png">
      <Filter>Resource Files</Filter>
    </Image>
    <Image Include="UIframe\qss\darkblue\add_bottom.png">
      <Filter>Resource Files</Filter>
    </Image>
    <Image Include="UIframe\qss\darkblue\add_left.png">
      <Filter>Resource Files</Filter>
    </Image>
    <Image Include="UIframe\qss\darkblue\add_right.png">
      <Filter>Resource Files</Filter>
    </Image>
    <Image Include="UIframe\qss\darkblue\add_top.png">
      <Filter>Resource Files</Filter>
    </Image>
    <Image Include="UIframe\qss\darkblue\branch_close.png">
      <Filter>Resource Files</Filter>
    </Image>
    <Image Include="UIframe\qss\darkblue\branch_open.png">
      <Filter>Resource Files</Filter>
    </Image>
    <Image Include="UIframe\qss\darkblue\calendar_nextmonth.png">
      <Filter>Resource Files</Filter>
    </Image>
    <Image Include="UIframe\qss\darkblue\calendar_prevmonth.png">
      <Filter>Resource Files</Filter>
    </Image>
    <Image Include="UIframe\qss\darkblue\checkbox_checked.png">
      <Filter>Resource Files</Filter>
    </Image>
    <Image Include="UIframe\qss\darkblue\checkbox_checked_disable.png">
      <Filter>Resource Files</Filter>
    </Image>
    <Image Include="UIframe\qss\darkblue\checkbox_parcial.png">
      <Filter>Resource Files</Filter>
    </Image>
    <Image Include="UIframe\qss\darkblue\checkbox_parcial_disable.png">
      <Filter>Resource Files</Filter>
    </Image>
    <Image Include="UIframe\qss\darkblue\checkbox_unchecked.png">
      <Filter>Resource Files</Filter>
    </Image>
    <Image Include="UIframe\qss\darkblue\checkbox_unchecked_disable.png">
      <Filter>Resource Files</Filter>
    </Image>
    <Image Include="UIframe\qss\darkblue\radiobutton_checked.png">
      <Filter>Resource Files</Filter>
    </Image>
    <Image Include="UIframe\qss\darkblue\radiobutton_checked_disable.png">
      <Filter>Resource Files</Filter>
    </Image>
    <Image Include="UIframe\qss\darkblue\radiobutton_unchecked.png">
      <Filter>Resource Files</Filter>
    </Image>
    <Image Include="UIframe\qss\darkblue\radiobutton_unchecked_disable.png">
      <Filter>Resource Files</Filter>
    </Image>
    <Image Include="UIframe\qss\darkgray\add_bottom.png">
      <Filter>Resource Files</Filter>
    </Image>
    <Image Include="UIframe\qss\darkgray\add_left.png">
      <Filter>Resource Files</Filter>
    </Image>
    <Image Include="UIframe\qss\darkgray\add_right.png">
      <Filter>Resource Files</Filter>
    </Image>
    <Image Include="UIframe\qss\darkgray\add_top.png">
      <Filter>Resource Files</Filter>
    </Image>
    <Image Include="UIframe\qss\darkgray\branch_close.png">
      <Filter>Resource Files</Filter>
    </Image>
    <Image Include="UIframe\qss\darkgray\branch_open.png">
      <Filter>Resource Files</Filter>
    </Image>
    <Image Include="UIframe\qss\darkgray\calendar_nextmonth.png">
      <Filter>Resource Files</Filter>
    </Image>
    <Image Include="UIframe\qss\darkgray\calendar_prevmonth.png">
      <Filter>Resource Files</Filter>
    </Image>
    <Image Include="UIframe\qss\darkgray\checkbox_checked.png">
      <Filter>Resource Files</Filter>
    </Image>
    <Image Include="UIframe\qss\darkgray\checkbox_checked_disable.png">
      <Filter>Resource Files</Filter>
    </Image>
    <Image Include="UIframe\qss\darkgray\checkbox_parcial.png">
      <Filter>Resource Files</Filter>
    </Image>
    <Image Include="UIframe\qss\darkgray\checkbox_parcial_disable.png">
      <Filter>Resource Files</Filter>
    </Image>
    <Image Include="UIframe\qss\darkgray\checkbox_unchecked.png">
      <Filter>Resource Files</Filter>
    </Image>
    <Image Include="UIframe\qss\darkgray\checkbox_unchecked_disable.png">
      <Filter>Resource Files</Filter>
    </Image>
    <Image Include="UIframe\qss\darkgray\radiobutton_checked.png">
      <Filter>Resource Files</Filter>
    </Image>
    <Image Include="UIframe\qss\darkgray\radiobutton_checked_disable.png">
      <Filter>Resource Files</Filter>
    </Image>
    <Image Include="UIframe\qss\darkgray\radiobutton_unchecked.png">
      <Filter>Resource Files</Filter>
    </Image>
    <Image Include="UIframe\qss\darkgray\radiobutton_unchecked_disable.png">
      <Filter>Resource Files</Filter>
    </Image>
    <Image Include="UIframe\qss\gray\add_bottom.png">
      <Filter>Resource Files</Filter>
    </Image>
    <Image Include="UIframe\qss\gray\add_left.png">
      <Filter>Resource Files</Filter>
    </Image>
    <Image Include="UIframe\qss\gray\add_right.png">
      <Filter>Resource Files</Filter>
    </Image>
    <Image Include="UIframe\qss\gray\add_top.png">
      <Filter>Resource Files</Filter>
    </Image>
    <Image Include="UIframe\qss\gray\branch_close.png">
      <Filter>Resource Files</Filter>
    </Image>
    <Image Include="UIframe\qss\gray\branch_open.png">
      <Filter>Resource Files</Filter>
    </Image>
    <Image Include="UIframe\qss\gray\calendar_nextmonth.png">
      <Filter>Resource Files</Filter>
    </Image>
    <Image Include="UIframe\qss\gray\calendar_prevmonth.png">
      <Filter>Resource Files</Filter>
    </Image>
    <Image Include="UIframe\qss\gray\checkbox_checked.png">
      <Filter>Resource Files</Filter>
    </Image>
    <Image Include="UIframe\qss\gray\checkbox_checked_disable.png">
      <Filter>Resource Files</Filter>
    </Image>
    <Image Include="UIframe\qss\gray\checkbox_parcial.png">
      <Filter>Resource Files</Filter>
    </Image>
    <Image Include="UIframe\qss\gray\checkbox_parcial_disable.png">
      <Filter>Resource Files</Filter>
    </Image>
    <Image Include="UIframe\qss\gray\checkbox_unchecked.png">
      <Filter>Resource Files</Filter>
    </Image>
    <Image Include="UIframe\qss\gray\checkbox_unchecked_disable.png">
      <Filter>Resource Files</Filter>
    </Image>
    <Image Include="UIframe\qss\gray\radiobutton_checked.png">
      <Filter>Resource Files</Filter>
    </Image>
    <Image Include="UIframe\qss\gray\radiobutton_checked_disable.png">
      <Filter>Resource Files</Filter>
    </Image>
    <Image Include="UIframe\qss\gray\radiobutton_unchecked.png">
      <Filter>Resource Files</Filter>
    </Image>
    <Image Include="UIframe\qss\gray\radiobutton_unchecked_disable.png">
      <Filter>Resource Files</Filter>
    </Image>
    <Image Include="UIframe\qss\lightblack\add_bottom.png">
      <Filter>Resource Files</Filter>
    </Image>
    <Image Include="UIframe\qss\lightblack\add_left.png">
      <Filter>Resource Files</Filter>
    </Image>
    <Image Include="UIframe\qss\lightblack\add_right.png">
      <Filter>Resource Files</Filter>
    </Image>
    <Image Include="UIframe\qss\lightblack\add_top.png">
      <Filter>Resource Files</Filter>
    </Image>
    <Image Include="UIframe\qss\lightblack\branch_close.png">
      <Filter>Resource Files</Filter>
    </Image>
    <Image Include="UIframe\qss\lightblack\branch_open.png">
      <Filter>Resource Files</Filter>
    </Image>
    <Image Include="UIframe\qss\lightblack\calendar_nextmonth.png">
      <Filter>Resource Files</Filter>
    </Image>
    <Image Include="UIframe\qss\lightblack\calendar_prevmonth.png">
      <Filter>Resource Files</Filter>
    </Image>
    <Image Include="UIframe\qss\lightblack\checkbox_checked.png">
      <Filter>Resource Files</Filter>
    </Image>
    <Image Include="UIframe\qss\lightblack\checkbox_checked_disable.png">
      <Filter>Resource Files</Filter>
    </Image>
    <Image Include="UIframe\qss\lightblack\checkbox_parcial.png">
      <Filter>Resource Files</Filter>
    </Image>
    <Image Include="UIframe\qss\lightblack\checkbox_parcial_disable.png">
      <Filter>Resource Files</Filter>
    </Image>
    <Image Include="UIframe\qss\lightblack\checkbox_unchecked.png">
      <Filter>Resource Files</Filter>
    </Image>
    <Image Include="UIframe\qss\lightblack\checkbox_unchecked_disable.png">
      <Filter>Resource Files</Filter>
    </Image>
    <Image Include="UIframe\qss\lightblack\radiobutton_checked.png">
      <Filter>Resource Files</Filter>
    </Image>
    <Image Include="UIframe\qss\lightblack\radiobutton_checked_disable.png">
      <Filter>Resource Files</Filter>
    </Image>
    <Image Include="UIframe\qss\lightblack\radiobutton_unchecked.png">
      <Filter>Resource Files</Filter>
    </Image>
    <Image Include="UIframe\qss\lightblack\radiobutton_unchecked_disable.png">
      <Filter>Resource Files</Filter>
    </Image>
    <Image Include="UIframe\qss\lightblue\add_bottom.png">
      <Filter>Resource Files</Filter>
    </Image>
    <Image Include="UIframe\qss\lightblue\add_left.png">
      <Filter>Resource Files</Filter>
    </Image>
    <Image Include="UIframe\qss\lightblue\add_right.png">
      <Filter>Resource Files</Filter>
    </Image>
    <Image Include="UIframe\qss\lightblue\add_top.png">
      <Filter>Resource Files</Filter>
    </Image>
    <Image Include="UIframe\qss\lightblue\branch_close.png">
      <Filter>Resource Files</Filter>
    </Image>
    <Image Include="UIframe\qss\lightblue\branch_open.png">
      <Filter>Resource Files</Filter>
    </Image>
    <Image Include="UIframe\qss\lightblue\calendar_nextmonth.png">
      <Filter>Resource Files</Filter>
    </Image>
    <Image Include="UIframe\qss\lightblue\calendar_prevmonth.png">
      <Filter>Resource Files</Filter>
    </Image>
    <Image Include="UIframe\qss\lightblue\checkbox_checked.png">
      <Filter>Resource Files</Filter>
    </Image>
    <Image Include="UIframe\qss\lightblue\checkbox_checked_disable.png">
      <Filter>Resource Files</Filter>
    </Image>
    <Image Include="UIframe\qss\lightblue\checkbox_parcial.png">
      <Filter>Resource Files</Filter>
    </Image>
    <Image Include="UIframe\qss\lightblue\checkbox_parcial_disable.png">
      <Filter>Resource Files</Filter>
    </Image>
    <Image Include="UIframe\qss\lightblue\checkbox_unchecked.png">
      <Filter>Resource Files</Filter>
    </Image>
    <Image Include="UIframe\qss\lightblue\checkbox_unchecked_disable.png">
      <Filter>Resource Files</Filter>
    </Image>
    <Image Include="UIframe\qss\lightblue\radiobutton_checked.png">
      <Filter>Resource Files</Filter>
    </Image>
    <Image Include="UIframe\qss\lightblue\radiobutton_checked_disable.png">
      <Filter>Resource Files</Filter>
    </Image>
    <Image Include="UIframe\qss\lightblue\radiobutton_unchecked.png">
      <Filter>Resource Files</Filter>
    </Image>
    <Image Include="UIframe\qss\lightblue\radiobutton_unchecked_disable.png">
      <Filter>Resource Files</Filter>
    </Image>
    <Image Include="UIframe\qss\lightgray\add_bottom.png">
      <Filter>Resource Files</Filter>
    </Image>
    <Image Include="UIframe\qss\lightgray\add_left.png">
      <Filter>Resource Files</Filter>
    </Image>
    <Image Include="UIframe\qss\lightgray\add_right.png">
      <Filter>Resource Files</Filter>
    </Image>
    <Image Include="UIframe\qss\lightgray\add_top.png">
      <Filter>Resource Files</Filter>
    </Image>
    <Image Include="UIframe\qss\lightgray\branch_close.png">
      <Filter>Resource Files</Filter>
    </Image>
    <Image Include="UIframe\qss\lightgray\branch_open.png">
      <Filter>Resource Files</Filter>
    </Image>
    <Image Include="UIframe\qss\lightgray\calendar_nextmonth.png">
      <Filter>Resource Files</Filter>
    </Image>
    <Image Include="UIframe\qss\lightgray\calendar_prevmonth.png">
      <Filter>Resource Files</Filter>
    </Image>
    <Image Include="UIframe\qss\lightgray\checkbox_checked.png">
      <Filter>Resource Files</Filter>
    </Image>
    <Image Include="UIframe\qss\lightgray\checkbox_checked_disable.png">
      <Filter>Resource Files</Filter>
    </Image>
    <Image Include="UIframe\qss\lightgray\checkbox_parcial.png">
      <Filter>Resource Files</Filter>
    </Image>
    <Image Include="UIframe\qss\lightgray\checkbox_parcial_disable.png">
      <Filter>Resource Files</Filter>
    </Image>
    <Image Include="UIframe\qss\lightgray\checkbox_unchecked.png">
      <Filter>Resource Files</Filter>
    </Image>
    <Image Include="UIframe\qss\lightgray\checkbox_unchecked_disable.png">
      <Filter>Resource Files</Filter>
    </Image>
    <Image Include="UIframe\qss\lightgray\radiobutton_checked.png">
      <Filter>Resource Files</Filter>
    </Image>
    <Image Include="UIframe\qss\lightgray\radiobutton_checked_disable.png">
      <Filter>Resource Files</Filter>
    </Image>
    <Image Include="UIframe\qss\lightgray\radiobutton_unchecked.png">
      <Filter>Resource Files</Filter>
    </Image>
    <Image Include="UIframe\qss\lightgray\radiobutton_unchecked_disable.png">
      <Filter>Resource Files</Filter>
    </Image>
    <Image Include="UIframe\qss\psblack\add_bottom.png">
      <Filter>Resource Files</Filter>
    </Image>
    <Image Include="UIframe\qss\psblack\add_left.png">
      <Filter>Resource Files</Filter>
    </Image>
    <Image Include="UIframe\qss\psblack\add_right.png">
      <Filter>Resource Files</Filter>
    </Image>
    <Image Include="UIframe\qss\psblack\add_top.png">
      <Filter>Resource Files</Filter>
    </Image>
    <Image Include="UIframe\qss\psblack\branch_close.png">
      <Filter>Resource Files</Filter>
    </Image>
    <Image Include="UIframe\qss\psblack\branch_open.png">
      <Filter>Resource Files</Filter>
    </Image>
    <Image Include="UIframe\qss\psblack\calendar_nextmonth.png">
      <Filter>Resource Files</Filter>
    </Image>
    <Image Include="UIframe\qss\psblack\calendar_prevmonth.png">
      <Filter>Resource Files</Filter>
    </Image>
    <Image Include="UIframe\qss\psblack\checkbox_checked.png">
      <Filter>Resource Files</Filter>
    </Image>
    <Image Include="UIframe\qss\psblack\checkbox_checked_disable.png">
      <Filter>Resource Files</Filter>
    </Image>
    <Image Include="UIframe\qss\psblack\checkbox_parcial.png">
      <Filter>Resource Files</Filter>
    </Image>
    <Image Include="UIframe\qss\psblack\checkbox_parcial_disable.png">
      <Filter>Resource Files</Filter>
    </Image>
    <Image Include="UIframe\qss\psblack\checkbox_unchecked.png">
      <Filter>Resource Files</Filter>
    </Image>
    <Image Include="UIframe\qss\psblack\checkbox_unchecked_disable.png">
      <Filter>Resource Files</Filter>
    </Image>
    <Image Include="UIframe\qss\psblack\radiobutton_checked.png">
      <Filter>Resource Files</Filter>
    </Image>
    <Image Include="UIframe\qss\psblack\radiobutton_checked_disable.png">
      <Filter>Resource Files</Filter>
    </Image>
    <Image Include="UIframe\qss\psblack\radiobutton_unchecked.png">
      <Filter>Resource Files</Filter>
    </Image>
    <Image Include="UIframe\qss\psblack\radiobutton_unchecked_disable.png">
      <Filter>Resource Files</Filter>
    </Image>
    <Image Include="UIframe\qss\silvery\add_bottom.png">
      <Filter>Resource Files</Filter>
    </Image>
    <Image Include="UIframe\qss\silvery\add_left.png">
      <Filter>Resource Files</Filter>
    </Image>
    <Image Include="UIframe\qss\silvery\add_right.png">
      <Filter>Resource Files</Filter>
    </Image>
    <Image Include="UIframe\qss\silvery\add_top.png">
      <Filter>Resource Files</Filter>
    </Image>
    <Image Include="UIframe\qss\silvery\branch_close.png">
      <Filter>Resource Files</Filter>
    </Image>
    <Image Include="UIframe\qss\silvery\branch_open.png">
      <Filter>Resource Files</Filter>
    </Image>
    <Image Include="UIframe\qss\silvery\calendar_nextmonth.png">
      <Filter>Resource Files</Filter>
    </Image>
    <Image Include="UIframe\qss\silvery\calendar_prevmonth.png">
      <Filter>Resource Files</Filter>
    </Image>
    <Image Include="UIframe\qss\silvery\checkbox_checked.png">
      <Filter>Resource Files</Filter>
    </Image>
    <Image Include="UIframe\qss\silvery\checkbox_checked_disable.png">
      <Filter>Resource Files</Filter>
    </Image>
    <Image Include="UIframe\qss\silvery\checkbox_parcial.png">
      <Filter>Resource Files</Filter>
    </Image>
    <Image Include="UIframe\qss\silvery\checkbox_parcial_disable.png">
      <Filter>Resource Files</Filter>
    </Image>
    <Image Include="UIframe\qss\silvery\checkbox_unchecked.png">
      <Filter>Resource Files</Filter>
    </Image>
    <Image Include="UIframe\qss\silvery\checkbox_unchecked_disable.png">
      <Filter>Resource Files</Filter>
    </Image>
    <Image Include="UIframe\qss\silvery\radiobutton_checked.png">
      <Filter>Resource Files</Filter>
    </Image>
    <Image Include="UIframe\qss\silvery\radiobutton_checked_disable.png">
      <Filter>Resource Files</Filter>
    </Image>
    <Image Include="UIframe\qss\silvery\radiobutton_unchecked.png">
      <Filter>Resource Files</Filter>
    </Image>
    <Image Include="UIframe\qss\silvery\radiobutton_unchecked_disable.png">
      <Filter>Resource Files</Filter>
    </Image>
    <Image Include="UIframe\qss\flatblack\add_bottom.png">
      <Filter>Resource Files</Filter>
    </Image>
    <Image Include="UIframe\qss\flatblack\add_left.png">
      <Filter>Resource Files</Filter>
    </Image>
    <Image Include="UIframe\qss\flatblack\add_right.png">
      <Filter>Resource Files</Filter>
    </Image>
    <Image Include="UIframe\qss\flatblack\add_top.png">
      <Filter>Resource Files</Filter>
    </Image>
    <Image Include="UIframe\qss\flatblack\branch_close.png">
      <Filter>Resource Files</Filter>
    </Image>
    <Image Include="UIframe\qss\flatblack\branch_open.png">
      <Filter>Resource Files</Filter>
    </Image>
    <Image Include="UIframe\qss\flatblack\calendar_nextmonth.png">
      <Filter>Resource Files</Filter>
    </Image>
    <Image Include="UIframe\qss\flatblack\calendar_prevmonth.png">
      <Filter>Resource Files</Filter>
    </Image>
    <Image Include="UIframe\qss\flatblack\checkbox_checked.png">
      <Filter>Resource Files</Filter>
    </Image>
    <Image Include="UIframe\qss\flatblack\checkbox_checked_disable.png">
      <Filter>Resource Files</Filter>
    </Image>
    <Image Include="UIframe\qss\flatblack\checkbox_parcial.png">
      <Filter>Resource Files</Filter>
    </Image>
    <Image Include="UIframe\qss\flatblack\checkbox_parcial_disable.png">
      <Filter>Resource Files</Filter>
    </Image>
    <Image Include="UIframe\qss\flatblack\checkbox_unchecked.png">
      <Filter>Resource Files</Filter>
    </Image>
    <Image Include="UIframe\qss\flatblack\checkbox_unchecked_disable.png">
      <Filter>Resource Files</Filter>
    </Image>
    <Image Include="UIframe\qss\flatblack\radiobutton_checked.png">
      <Filter>Resource Files</Filter>
    </Image>
    <Image Include="UIframe\qss\flatblack\radiobutton_checked_disable.png">
      <Filter>Resource Files</Filter>
    </Image>
    <Image Include="UIframe\qss\flatblack\radiobutton_unchecked.png">
      <Filter>Resource Files</Filter>
    </Image>
    <Image Include="UIframe\qss\flatblack\radiobutton_unchecked_disable.png">
      <Filter>Resource Files</Filter>
    </Image>
    <Image Include="UIframe\qss\flatwhite\add_bottom.png">
      <Filter>Resource Files</Filter>
    </Image>
    <Image Include="UIframe\qss\flatwhite\add_left.png">
      <Filter>Resource Files</Filter>
    </Image>
    <Image Include="UIframe\qss\flatwhite\add_right.png">
      <Filter>Resource Files</Filter>
    </Image>
    <Image Include="UIframe\qss\flatwhite\add_top.png">
      <Filter>Resource Files</Filter>
    </Image>
    <Image Include="UIframe\qss\flatwhite\branch_close.png">
      <Filter>Resource Files</Filter>
    </Image>
    <Image Include="UIframe\qss\flatwhite\branch_open.png">
      <Filter>Resource Files</Filter>
    </Image>
    <Image Include="UIframe\qss\flatwhite\calendar_nextmonth.png">
      <Filter>Resource Files</Filter>
    </Image>
    <Image Include="UIframe\qss\flatwhite\calendar_prevmonth.png">
      <Filter>Resource Files</Filter>
    </Image>
    <Image Include="UIframe\qss\flatwhite\checkbox_checked.png">
      <Filter>Resource Files</Filter>
    </Image>
    <Image Include="UIframe\qss\flatwhite\checkbox_checked_disable.png">
      <Filter>Resource Files</Filter>
    </Image>
    <Image Include="UIframe\qss\flatwhite\checkbox_parcial.png">
      <Filter>Resource Files</Filter>
    </Image>
    <Image Include="UIframe\qss\flatwhite\checkbox_parcial_disable.png">
      <Filter>Resource Files</Filter>
    </Image>
    <Image Include="UIframe\qss\flatwhite\checkbox_unchecked.png">
      <Filter>Resource Files</Filter>
    </Image>
    <Image Include="UIframe\qss\flatwhite\checkbox_unchecked_disable.png">
      <Filter>Resource Files</Filter>
    </Image>
    <Image Include="UIframe\qss\flatwhite\radiobutton_checked.png">
      <Filter>Resource Files</Filter>
    </Image>
    <Image Include="UIframe\qss\flatwhite\radiobutton_checked_disable.png">
      <Filter>Resource Files</Filter>
    </Image>
    <Image Include="UIframe\qss\flatwhite\radiobutton_unchecked.png">
      <Filter>Resource Files</Filter>
    </Image>
    <Image Include="UIframe\qss\flatwhite\radiobutton_unchecked_disable.png">
      <Filter>Resource Files</Filter>
    </Image>
    <Image Include="UIframe\qss\test\add_bottom.png">
      <Filter>Resource Files</Filter>
    </Image>
    <Image Include="UIframe\qss\test\add_left.png">
      <Filter>Resource Files</Filter>
    </Image>
    <Image Include="UIframe\qss\test\add_right.png">
      <Filter>Resource Files</Filter>
    </Image>
    <Image Include="UIframe\qss\test\add_top.png">
      <Filter>Resource Files</Filter>
    </Image>
    <Image Include="UIframe\qss\test\branch_close.png">
      <Filter>Resource Files</Filter>
    </Image>
    <Image Include="UIframe\qss\test\branch_open.png">
      <Filter>Resource Files</Filter>
    </Image>
    <Image Include="UIframe\qss\test\calendar_nextmonth.png">
      <Filter>Resource Files</Filter>
    </Image>
    <Image Include="UIframe\qss\test\calendar_prevmonth.png">
      <Filter>Resource Files</Filter>
    </Image>
    <Image Include="UIframe\qss\test\checkbox_checked.png">
      <Filter>Resource Files</Filter>
    </Image>
    <Image Include="UIframe\qss\test\checkbox_checked_disable.png">
      <Filter>Resource Files</Filter>
    </Image>
    <Image Include="UIframe\qss\test\checkbox_parcial.png">
      <Filter>Resource Files</Filter>
    </Image>
    <Image Include="UIframe\qss\test\checkbox_parcial_disable.png">
      <Filter>Resource Files</Filter>
    </Image>
    <Image Include="UIframe\qss\test\checkbox_unchecked.png">
      <Filter>Resource Files</Filter>
    </Image>
    <Image Include="UIframe\qss\test\checkbox_unchecked_disable.png">
      <Filter>Resource Files</Filter>
    </Image>
    <Image Include="UIframe\qss\test\radiobutton_checked.png">
      <Filter>Resource Files</Filter>
    </Image>
    <Image Include="UIframe\qss\test\radiobutton_checked_disable.png">
      <Filter>Resource Files</Filter>
    </Image>
    <Image Include="UIframe\qss\test\radiobutton_unchecked.png">
      <Filter>Resource Files</Filter>
    </Image>
    <Image Include="UIframe\qss\test\radiobutton_unchecked_disable.png">
      <Filter>Resource Files</Filter>
    </Image>
    <Image Include="UIframe\qss\bf\add_bottom.png">
      <Filter>Resource Files</Filter>
    </Image>
    <Image Include="UIframe\qss\bf\add_left.png">
      <Filter>Resource Files</Filter>
    </Image>
    <Image Include="UIframe\qss\bf\add_right.png">
      <Filter>Resource Files</Filter>
    </Image>
    <Image Include="UIframe\qss\bf\add_top.png">
      <Filter>Resource Files</Filter>
    </Image>
    <Image Include="UIframe\qss\bf\branch_close.png">
      <Filter>Resource Files</Filter>
    </Image>
    <Image Include="UIframe\qss\bf\branch_open.png">
      <Filter>Resource Files</Filter>
    </Image>
    <Image Include="UIframe\qss\bf\calendar_nextmonth.png">
      <Filter>Resource Files</Filter>
    </Image>
    <Image Include="UIframe\qss\bf\calendar_prevmonth.png">
      <Filter>Resource Files</Filter>
    </Image>
    <Image Include="UIframe\qss\bf\checkbox_checked.png">
      <Filter>Resource Files</Filter>
    </Image>
    <Image Include="UIframe\qss\bf\checkbox_checked_disable.png">
      <Filter>Resource Files</Filter>
    </Image>
    <Image Include="UIframe\qss\bf\checkbox_parcial.png">
      <Filter>Resource Files</Filter>
    </Image>
    <Image Include="UIframe\qss\bf\checkbox_parcial_disable.png">
      <Filter>Resource Files</Filter>
    </Image>
    <Image Include="UIframe\qss\bf\checkbox_unchecked.png">
      <Filter>Resource Files</Filter>
    </Image>
    <Image Include="UIframe\qss\bf\checkbox_unchecked_disable.png">
      <Filter>Resource Files</Filter>
    </Image>
    <Image Include="UIframe\qss\bf\radiobutton_checked.png">
      <Filter>Resource Files</Filter>
    </Image>
    <Image Include="UIframe\qss\bf\radiobutton_checked_disable.png">
      <Filter>Resource Files</Filter>
    </Image>
    <Image Include="UIframe\qss\bf\radiobutton_unchecked.png">
      <Filter>Resource Files</Filter>
    </Image>
    <Image Include="UIframe\qss\bf\radiobutton_unchecked_disable.png">
      <Filter>Resource Files</Filter>
    </Image>
  </ItemGroup>
  <ItemGroup>
    <Font Include="UIframe\image\fontawesome-webfont.ttf">
      <Filter>Resource Files</Filter>
    </Font>
  </ItemGroup>
  <ItemGroup>
    <None Include="UIframe\image\qt_zh_CN.qm">
      <Filter>Resource Files</Filter>
    </None>
    <None Include="UIframe\image\widgets.qm">
      <Filter>Resource Files</Filter>
    </None>
    <None Include="UIframe\qss\black.css">
      <Filter>Resource Files</Filter>
    </None>
    <None Include="UIframe\qss\blue.css">
      <Filter>Resource Files</Filter>
    </None>
    <None Include="UIframe\qss\darkblack.css">
      <Filter>Resource Files</Filter>
    </None>
    <None Include="UIframe\qss\darkblue.css">
      <Filter>Resource Files</Filter>
    </None>
    <None Include="UIframe\qss\darkgray.css">
      <Filter>Resource Files</Filter>
    </None>
    <None Include="UIframe\qss\gray.css">
      <Filter>Resource Files</Filter>
    </None>
    <None Include="UIframe\qss\lightblack.css">
      <Filter>Resource Files</Filter>
    </None>
    <None Include="UIframe\qss\lightblue.css">
      <Filter>Resource Files</Filter>
    </None>
    <None Include="UIframe\qss\lightgray.css">
      <Filter>Resource Files</Filter>
    </None>
    <None Include="UIframe\qss\psblack.css">
      <Filter>Resource Files</Filter>
    </None>
    <None Include="UIframe\qss\silvery.css">
      <Filter>Resource Files</Filter>
    </None>
    <None Include="UIframe\qss\flatblack.css">
      <Filter>Resource Files</Filter>
    </None>
    <None Include="UIframe\qss\flatwhite.css">
      <Filter>Resource Files</Filter>
    </None>
    <None Include="UIframe\qss\test.css">
      <Filter>Resource Files</Filter>
    </None>
    <None Include="UIframe\qss\bf.css">
      <Filter>Resource Files</Filter>
    </None>
    <None Include="ClassDiagram.cd" />
  </ItemGroup>
</Project>